
Microsoft Visual Studio Solution File, Format Version 12.00
# Visual Studio Version 17
VisualStudioVersion = 17.1.32328.378
MinimumVisualStudioVersion = 10.0.40219.1
Project("{9A19103F-16F7-4668-BE54-9A1E7A4F7556}") = "SchoolsTest.ConsoleMane", "School\SchoolsTest.ConsoleMane.csproj", "{0EF54E93-62A9-447C-AD8D-EC07FDE5886F}"
EndProject
Project("{9A19103F-16F7-4668-BE54-9A1E7A4F7556}") = "SchoolsTest.Data", "School.Data\SchoolsTest.Data.csproj", "{8101BCB5-0C53-4CC8-B54D-654554890246}"
EndProject
Project("{9A19103F-16F7-4668-BE54-9A1E7A4F7556}") = "SchoolsTest.Models", "School.Models\SchoolsTest.Models.csproj", "{400DF365-7025-49E4-A109-E567AF45E81B}"
EndProject
Project("{9A19103F-16F7-4668-BE54-9A1E7A4F7556}") = "SchoolsTest.WebVers", "SchoolsTest.WebVers\SchoolsTest.WebVers.csproj", "{E30BBCF8-0278-4875-BD6D-BEC19A56619B}"
EndProject
Project("{FAE04EC0-301F-11D3-BF4B-00C04F79EFBC}") = "SchoolsTest.API", "SchoolsTest.API\SchoolsTest.API.csproj", "{DFCF13AB-F2CE-481B-8B37-035861000685}"
EndProject
Global
	GlobalSection(SolutionConfigurationPlatforms) = preSolution
		Debug|Any CPU = Debug|Any CPU
		Release|Any CPU = Release|Any CPU
	EndGlobalSection
	GlobalSection(ProjectConfigurationPlatforms) = postSolution
		{0EF54E93-62A9-447C-AD8D-EC07FDE5886F}.Debug|Any CPU.ActiveCfg = Release|Any CPU
		{0EF54E93-62A9-447C-AD8D-EC07FDE5886F}.Debug|Any CPU.Build.0 = Release|Any CPU
		{0EF54E93-62A9-447C-AD8D-EC07FDE5886F}.Release|Any CPU.ActiveCfg = Release|Any CPU
		{0EF54E93-62A9-447C-AD8D-EC07FDE5886F}.Release|Any CPU.Build.0 = Release|Any CPU
		{8101BCB5-0C53-4CC8-B54D-654554890246}.Debug|Any CPU.ActiveCfg = Debug|Any CPU
		{8101BCB5-0C53-4CC8-B54D-654554890246}.Debug|Any CPU.Build.0 = Debug|Any CPU
		{8101BCB5-0C53-4CC8-B54D-654554890246}.Release|Any CPU.ActiveCfg = Release|Any CPU
		{8101BCB5-0C53-4CC8-B54D-654554890246}.Release|Any CPU.Build.0 = Release|Any CPU
		{400DF365-7025-49E4-A109-E567AF45E81B}.Debug|Any CPU.ActiveCfg = Debug|Any CPU
		{400DF365-7025-49E4-A109-E567AF45E81B}.Debug|Any CPU.Build.0 = Debug|Any CPU
		{400DF365-7025-49E4-A109-E567AF45E81B}.Release|Any CPU.ActiveCfg = Release|Any CPU
		{400DF365-7025-49E4-A109-E567AF45E81B}.Release|Any CPU.Build.0 = Release|Any CPU
		{E30BBCF8-0278-4875-BD6D-BEC19A56619B}.Debug|Any CPU.ActiveCfg = Debug|Any CPU
		{E30BBCF8-0278-4875-BD6D-BEC19A56619B}.Debug|Any CPU.Build.0 = Debug|Any CPU
		{E30BBCF8-0278-4875-BD6D-BEC19A56619B}.Release|Any CPU.ActiveCfg = Release|Any CPU
		{E30BBCF8-0278-4875-BD6D-BEC19A56619B}.Release|Any CPU.Build.0 = Release|Any CPU
		{DFCF13AB-F2CE-481B-8B37-035861000685}.Debug|Any CPU.ActiveCfg = Debug|Any CPU
		{DFCF13AB-F2CE-481B-8B37-035861000685}.Debug|Any CPU.Build.0 = Debug|Any CPU
		{DFCF13AB-F2CE-481B-8B37-035861000685}.Release|Any CPU.ActiveCfg = Release|Any CPU
		{DFCF13AB-F2CE-481B-8B37-035861000685}.Release|Any CPU.Build.0 = Release|Any CPU
	EndGlobalSection
	GlobalSection(SolutionProperties) = preSolution
		HideSolutionNode = FALSE
	EndGlobalSection
	GlobalSection(ExtensibilityGlobals) = postSolution
		SolutionGuid = {D6789811-5AC4-4143-8E0B-34F08096FF70}
	EndGlobalSection
EndGlobal
